// !$*UTF8*$!
{
	archiveVersion = 1;
	classes = {
	};
	objectVersion = 51;
	objects = {

/* Begin PBXBuildFile section */
		11CEED8D966FDC7E737E4635 /* Pods_Watch_Next_YouTube.framework in Frameworks */ = {isa = PBXBuildFile; fileRef = 94757702005C597F319E94FB /* Pods_Watch_Next_YouTube.framework */; };
		C81360D82464287200CA693D /* AppDelegate.swift in Sources */ = {isa = PBXBuildFile; fileRef = C81360D72464287200CA693D /* AppDelegate.swift */; };
		C81360DA2464287200CA693D /* SceneDelegate.swift in Sources */ = {isa = PBXBuildFile; fileRef = C81360D92464287200CA693D /* SceneDelegate.swift */; };
		C81360E12464287300CA693D /* Assets.xcassets in Resources */ = {isa = PBXBuildFile; fileRef = C81360E02464287300CA693D /* Assets.xcassets */; };
		C81360E42464287300CA693D /* LaunchScreen.storyboard in Resources */ = {isa = PBXBuildFile; fileRef = C81360E22464287300CA693D /* LaunchScreen.storyboard */; };
		C81CB62B24796355008CA896 /* AccountAuthorizationScreen.swift in Sources */ = {isa = PBXBuildFile; fileRef = C81CB62A24796355008CA896 /* AccountAuthorizationScreen.swift */; };
		C81CB62D24796C49008CA896 /* FirebaseAccountAuthorization.swift in Sources */ = {isa = PBXBuildFile; fileRef = C81CB62C24796C49008CA896 /* FirebaseAccountAuthorization.swift */; };
		C81CB62F2479791B008CA896 /* LoginScreen.swift in Sources */ = {isa = PBXBuildFile; fileRef = C81CB62E2479791B008CA896 /* LoginScreen.swift */; };
		C870E6AF2476EC67004C07CB /* AuthorizationChecker.swift in Sources */ = {isa = PBXBuildFile; fileRef = C870E6AE2476EC67004C07CB /* AuthorizationChecker.swift */; };
		C870E6B32476F5CD004C07CB /* Archive.swift in Sources */ = {isa = PBXBuildFile; fileRef = C870E6B12476F5CD004C07CB /* Archive.swift */; };
		C870E6B42476F5CD004C07CB /* Playlist.swift in Sources */ = {isa = PBXBuildFile; fileRef = C870E6B22476F5CD004C07CB /* Playlist.swift */; };
		C870E6BB2476F628004C07CB /* Video.swift in Sources */ = {isa = PBXBuildFile; fileRef = C870E6BA2476F628004C07CB /* Video.swift */; };
		C870E6BD2476F632004C07CB /* PlaylistView.swift in Sources */ = {isa = PBXBuildFile; fileRef = C870E6BC2476F632004C07CB /* PlaylistView.swift */; };
		C870E6BF2476F917004C07CB /* SettingsControllerView.swift in Sources */ = {isa = PBXBuildFile; fileRef = C870E6BE2476F917004C07CB /* SettingsControllerView.swift */; };
		C8B1273F247D463700D1E050 /* RegisterScreen.swift in Sources */ = {isa = PBXBuildFile; fileRef = C8B1273E247D463700D1E050 /* RegisterScreen.swift */; };
		C8B12743247D9F6A00D1E050 /* NavigationConfigurator.swift in Sources */ = {isa = PBXBuildFile; fileRef = C8B12742247D9F6A00D1E050 /* NavigationConfigurator.swift */; };
		C8B12747247E671900D1E050 /* MainView.swift in Sources */ = {isa = PBXBuildFile; fileRef = C8B12746247E671900D1E050 /* MainView.swift */; };
		C8B12749247E8C4500D1E050 /* YouTubeVideoVC.swift in Sources */ = {isa = PBXBuildFile; fileRef = C8B12748247E8C4500D1E050 /* YouTubeVideoVC.swift */; };
		C8B1274D247EAA9700D1E050 /* MovieDetails.swift in Sources */ = {isa = PBXBuildFile; fileRef = C8B1274C247EAA9700D1E050 /* MovieDetails.swift */; };
		C8B1274F247EBE7F00D1E050 /* PlaylistVideoList.swift in Sources */ = {isa = PBXBuildFile; fileRef = C8B1274E247EBE7F00D1E050 /* PlaylistVideoList.swift */; };
		C8B12751247ED1AC00D1E050 /* ArchiveOld.swift in Sources */ = {isa = PBXBuildFile; fileRef = C8B12750247ED1AC00D1E050 /* ArchiveOld.swift */; };
		C8C4231C246AE69F00EC932B /* GoogleService-Info.plist in Resources */ = {isa = PBXBuildFile; fileRef = C8C4231B246AE69F00EC932B /* GoogleService-Info.plist */; };
		C8E1838724742FE9000B1DF2 /* AppleSignInButtons.swift in Sources */ = {isa = PBXBuildFile; fileRef = C8E1838624742FE9000B1DF2 /* AppleSignInButtons.swift */; };
		C8F0014B2486FECE00BBD1B5 /* View+Ext.swift in Sources */ = {isa = PBXBuildFile; fileRef = C8F0014A2486FECE00BBD1B5 /* View+Ext.swift */; };
		C8F0014D24870C9400BBD1B5 /* YouTubeControlState.swift in Sources */ = {isa = PBXBuildFile; fileRef = C8F0014C24870C9400BBD1B5 /* YouTubeControlState.swift */; };
		C8F001532487ED3100BBD1B5 /* YouTubeInterface.swift in Sources */ = {isa = PBXBuildFile; fileRef = C8F001522487ED3100BBD1B5 /* YouTubeInterface.swift */; };
/* End PBXBuildFile section */

/* Begin PBXFileReference section */
		100B555B1AF57E3F8197D181 /* Pods-Watch-Next-YouTube.debug.xcconfig */ = {isa = PBXFileReference; includeInIndex = 1; lastKnownFileType = text.xcconfig; name = "Pods-Watch-Next-YouTube.debug.xcconfig"; path = "Target Support Files/Pods-Watch-Next-YouTube/Pods-Watch-Next-YouTube.debug.xcconfig"; sourceTree = "<group>"; };
		2EC675C66890295C7D2D46EC /* Pods-Watch-Next-YouTube.release.xcconfig */ = {isa = PBXFileReference; includeInIndex = 1; lastKnownFileType = text.xcconfig; name = "Pods-Watch-Next-YouTube.release.xcconfig"; path = "Target Support Files/Pods-Watch-Next-YouTube/Pods-Watch-Next-YouTube.release.xcconfig"; sourceTree = "<group>"; };
		94757702005C597F319E94FB /* Pods_Watch_Next_YouTube.framework */ = {isa = PBXFileReference; explicitFileType = wrapper.framework; includeInIndex = 0; path = Pods_Watch_Next_YouTube.framework; sourceTree = BUILT_PRODUCTS_DIR; };
		C81360D42464287200CA693D /* Watch Next.app */ = {isa = PBXFileReference; explicitFileType = wrapper.application; includeInIndex = 0; path = "Watch Next.app"; sourceTree = BUILT_PRODUCTS_DIR; };
		C81360D72464287200CA693D /* AppDelegate.swift */ = {isa = PBXFileReference; lastKnownFileType = sourcecode.swift; path = AppDelegate.swift; sourceTree = "<group>"; };
		C81360D92464287200CA693D /* SceneDelegate.swift */ = {isa = PBXFileReference; lastKnownFileType = sourcecode.swift; path = SceneDelegate.swift; sourceTree = "<group>"; };
		C81360E02464287300CA693D /* Assets.xcassets */ = {isa = PBXFileReference; lastKnownFileType = folder.assetcatalog; path = Assets.xcassets; sourceTree = "<group>"; };
		C81360E32464287300CA693D /* Base */ = {isa = PBXFileReference; lastKnownFileType = file.storyboard; name = Base; path = Base.lproj/LaunchScreen.storyboard; sourceTree = "<group>"; };
		C81360E52464287300CA693D /* Info.plist */ = {isa = PBXFileReference; lastKnownFileType = text.plist.xml; path = Info.plist; sourceTree = "<group>"; };
		C81CB62A24796355008CA896 /* AccountAuthorizationScreen.swift */ = {isa = PBXFileReference; lastKnownFileType = sourcecode.swift; path = AccountAuthorizationScreen.swift; sourceTree = "<group>"; };
		C81CB62C24796C49008CA896 /* FirebaseAccountAuthorization.swift */ = {isa = PBXFileReference; lastKnownFileType = sourcecode.swift; path = FirebaseAccountAuthorization.swift; sourceTree = "<group>"; };
		C81CB62E2479791B008CA896 /* LoginScreen.swift */ = {isa = PBXFileReference; lastKnownFileType = sourcecode.swift; path = LoginScreen.swift; sourceTree = "<group>"; };
		C870E6AE2476EC67004C07CB /* AuthorizationChecker.swift */ = {isa = PBXFileReference; lastKnownFileType = sourcecode.swift; path = AuthorizationChecker.swift; sourceTree = "<group>"; };
		C870E6B12476F5CD004C07CB /* Archive.swift */ = {isa = PBXFileReference; fileEncoding = 4; lastKnownFileType = sourcecode.swift; path = Archive.swift; sourceTree = "<group>"; };
		C870E6B22476F5CD004C07CB /* Playlist.swift */ = {isa = PBXFileReference; fileEncoding = 4; lastKnownFileType = sourcecode.swift; path = Playlist.swift; sourceTree = "<group>"; };
		C870E6BA2476F628004C07CB /* Video.swift */ = {isa = PBXFileReference; fileEncoding = 4; lastKnownFileType = sourcecode.swift; path = Video.swift; sourceTree = "<group>"; };
		C870E6BC2476F632004C07CB /* PlaylistView.swift */ = {isa = PBXFileReference; fileEncoding = 4; lastKnownFileType = sourcecode.swift; path = PlaylistView.swift; sourceTree = "<group>"; };
		C870E6BE2476F917004C07CB /* SettingsControllerView.swift */ = {isa = PBXFileReference; lastKnownFileType = sourcecode.swift; path = SettingsControllerView.swift; sourceTree = "<group>"; };
		C8B1273E247D463700D1E050 /* RegisterScreen.swift */ = {isa = PBXFileReference; lastKnownFileType = sourcecode.swift; path = RegisterScreen.swift; sourceTree = "<group>"; };
		C8B12742247D9F6A00D1E050 /* NavigationConfigurator.swift */ = {isa = PBXFileReference; lastKnownFileType = sourcecode.swift; path = NavigationConfigurator.swift; sourceTree = "<group>"; };
		C8B12746247E671900D1E050 /* MainView.swift */ = {isa = PBXFileReference; lastKnownFileType = sourcecode.swift; path = MainView.swift; sourceTree = "<group>"; };
		C8B12748247E8C4500D1E050 /* YouTubeVideoVC.swift */ = {isa = PBXFileReference; lastKnownFileType = sourcecode.swift; path = YouTubeVideoVC.swift; sourceTree = "<group>"; };
		C8B1274C247EAA9700D1E050 /* MovieDetails.swift */ = {isa = PBXFileReference; lastKnownFileType = sourcecode.swift; path = MovieDetails.swift; sourceTree = "<group>"; };
		C8B1274E247EBE7F00D1E050 /* PlaylistVideoList.swift */ = {isa = PBXFileReference; lastKnownFileType = sourcecode.swift; path = PlaylistVideoList.swift; sourceTree = "<group>"; };
		C8B12750247ED1AC00D1E050 /* ArchiveOld.swift */ = {isa = PBXFileReference; lastKnownFileType = sourcecode.swift; path = ArchiveOld.swift; sourceTree = "<group>"; };
		C8C4231B246AE69F00EC932B /* GoogleService-Info.plist */ = {isa = PBXFileReference; fileEncoding = 4; lastKnownFileType = text.plist.xml; path = "GoogleService-Info.plist"; sourceTree = "<group>"; };
		C8E1838624742FE9000B1DF2 /* AppleSignInButtons.swift */ = {isa = PBXFileReference; lastKnownFileType = sourcecode.swift; path = AppleSignInButtons.swift; sourceTree = "<group>"; };
		C8F0014A2486FECE00BBD1B5 /* View+Ext.swift */ = {isa = PBXFileReference; lastKnownFileType = sourcecode.swift; path = "View+Ext.swift"; sourceTree = "<group>"; };
		C8F0014C24870C9400BBD1B5 /* YouTubeControlState.swift */ = {isa = PBXFileReference; lastKnownFileType = sourcecode.swift; path = YouTubeControlState.swift; sourceTree = "<group>"; };
		C8F001522487ED3100BBD1B5 /* YouTubeInterface.swift */ = {isa = PBXFileReference; lastKnownFileType = sourcecode.swift; path = YouTubeInterface.swift; sourceTree = "<group>"; };
/* End PBXFileReference section */

/* Begin PBXFrameworksBuildPhase section */
		C81360D12464287200CA693D /* Frameworks */ = {
			isa = PBXFrameworksBuildPhase;
			buildActionMask = 2147483647;
			files = (
				11CEED8D966FDC7E737E4635 /* Pods_Watch_Next_YouTube.framework in Frameworks */,
			);
			runOnlyForDeploymentPostprocessing = 0;
		};
/* End PBXFrameworksBuildPhase section */

/* Begin PBXGroup section */
		9B1147A7258F10285D878BCB /* Frameworks */ = {
			isa = PBXGroup;
			children = (
				94757702005C597F319E94FB /* Pods_Watch_Next_YouTube.framework */,
			);
			name = Frameworks;
			sourceTree = "<group>";
		};
		AB1241316778661C2076CF15 /* Pods */ = {
			isa = PBXGroup;
			children = (
				100B555B1AF57E3F8197D181 /* Pods-Watch-Next-YouTube.debug.xcconfig */,
				2EC675C66890295C7D2D46EC /* Pods-Watch-Next-YouTube.release.xcconfig */,
			);
			path = Pods;
			sourceTree = "<group>";
		};
		C81360CB2464287200CA693D = {
			isa = PBXGroup;
			children = (
				C81360D62464287200CA693D /* Watch-Next-YouTube */,
				C81360D52464287200CA693D /* Products */,
				AB1241316778661C2076CF15 /* Pods */,
				9B1147A7258F10285D878BCB /* Frameworks */,
			);
			sourceTree = "<group>";
		};
		C81360D52464287200CA693D /* Products */ = {
			isa = PBXGroup;
			children = (
				C81360D42464287200CA693D /* Watch Next.app */,
			);
			name = Products;
			sourceTree = "<group>";
		};
		C81360D62464287200CA693D /* Watch-Next-YouTube */ = {
			isa = PBXGroup;
			children = (
				C8F001492486FEAB00BBD1B5 /* Extensions */,
				C8B12744247D9F8800D1E050 /* Configurators */,
				C870E6B92476F61A004C07CB /* DataModel */,
				C870E6B02476F5B2004C07CB /* TestData */,
				C8E1838524742A14000B1DF2 /* Authorization helpers */,
				C81360E02464287300CA693D /* Assets.xcassets */,
				C81CB62A24796355008CA896 /* AccountAuthorizationScreen.swift */,
				C870E6AE2476EC67004C07CB /* AuthorizationChecker.swift */,
				C81CB62E2479791B008CA896 /* LoginScreen.swift */,
				C8B12746247E671900D1E050 /* MainView.swift */,
				C8F001522487ED3100BBD1B5 /* YouTubeInterface.swift */,
				C870E6BE2476F917004C07CB /* SettingsControllerView.swift */,
				C8B1273E247D463700D1E050 /* RegisterScreen.swift */,
				C8B1274E247EBE7F00D1E050 /* PlaylistVideoList.swift */,
				C870E6BC2476F632004C07CB /* PlaylistView.swift */,
				C8B12750247ED1AC00D1E050 /* ArchiveOld.swift */,
				C8B12748247E8C4500D1E050 /* YouTubeVideoVC.swift */,
				C8F0014C24870C9400BBD1B5 /* YouTubeControlState.swift */,
				C8B1274C247EAA9700D1E050 /* MovieDetails.swift */,
				C8B12745247D9FB600D1E050 /* Base */,
				C81360E52464287300CA693D /* Info.plist */,
				C8C4231B246AE69F00EC932B /* GoogleService-Info.plist */,
			);
			path = "Watch-Next-YouTube";
			sourceTree = "<group>";
		};
		C870E6B02476F5B2004C07CB /* TestData */ = {
			isa = PBXGroup;
			children = (
				C870E6B12476F5CD004C07CB /* Archive.swift */,
				C870E6B22476F5CD004C07CB /* Playlist.swift */,
			);
			path = TestData;
			sourceTree = "<group>";
		};
		C870E6B92476F61A004C07CB /* DataModel */ = {
			isa = PBXGroup;
			children = (
				C870E6BA2476F628004C07CB /* Video.swift */,
			);
			path = DataModel;
			sourceTree = "<group>";
		};
		C8B12744247D9F8800D1E050 /* Configurators */ = {
			isa = PBXGroup;
			children = (
				C8B12742247D9F6A00D1E050 /* NavigationConfigurator.swift */,
			);
			path = Configurators;
			sourceTree = "<group>";
		};
		C8B12745247D9FB600D1E050 /* Base */ = {
			isa = PBXGroup;
			children = (
				C81360D72464287200CA693D /* AppDelegate.swift */,
				C81360E22464287300CA693D /* LaunchScreen.storyboard */,
				C81360D92464287200CA693D /* SceneDelegate.swift */,
			);
			name = Base;
			path = ..;
			sourceTree = "<group>";
		};
		C8E1838524742A14000B1DF2 /* Authorization helpers */ = {
			isa = PBXGroup;
			children = (
				C8E1838624742FE9000B1DF2 /* AppleSignInButtons.swift */,
				C81CB62C24796C49008CA896 /* FirebaseAccountAuthorization.swift */,
			);
			path = "Authorization helpers";
			sourceTree = "<group>";
		};
		C8F001492486FEAB00BBD1B5 /* Extensions */ = {
			isa = PBXGroup;
			children = (
				C8F0014A2486FECE00BBD1B5 /* View+Ext.swift */,
			);
			path = Extensions;
			sourceTree = "<group>";
		};
/* End PBXGroup section */

/* Begin PBXNativeTarget section */
		C81360D32464287200CA693D /* Watch-Next-YouTube */ = {
			isa = PBXNativeTarget;
			buildConfigurationList = C81360E82464287300CA693D /* Build configuration list for PBXNativeTarget "Watch-Next-YouTube" */;
			buildPhases = (
				129B41A789DDE7B04EEB7B6A /* [CP] Check Pods Manifest.lock */,
				C81360D02464287200CA693D /* Sources */,
				C81360D12464287200CA693D /* Frameworks */,
				C81360D22464287200CA693D /* Resources */,
				C8AAF2802F09F42512105A80 /* [CP] Embed Pods Frameworks */,
				90E472999103C20A1D3CB2C5 /* [CP] Copy Pods Resources */,
			);
			buildRules = (
			);
			dependencies = (
			);
			name = "Watch-Next-YouTube";
			productName = "Watch-Next-YouTube";
			productReference = C81360D42464287200CA693D /* Watch Next.app */;
			productType = "com.apple.product-type.application";
		};
/* End PBXNativeTarget section */

/* Begin PBXProject section */
		C81360CC2464287200CA693D /* Project object */ = {
			isa = PBXProject;
			attributes = {
				LastSwiftUpdateCheck = 1140;
				LastUpgradeCheck = 1140;
				ORGANIZATIONNAME = "Mikolaj Lukasik";
				TargetAttributes = {
					C81360D32464287200CA693D = {
						CreatedOnToolsVersion = 11.4.1;
					};
				};
			};
			buildConfigurationList = C81360CF2464287200CA693D /* Build configuration list for PBXProject "Watch-Next-YouTube" */;
			compatibilityVersion = "Xcode 9.3";
			developmentRegion = en;
			hasScannedForEncodings = 0;
			knownRegions = (
				en,
				Base,
			);
			mainGroup = C81360CB2464287200CA693D;
			productRefGroup = C81360D52464287200CA693D /* Products */;
			projectDirPath = "";
			projectRoot = "";
			targets = (
				C81360D32464287200CA693D /* Watch-Next-YouTube */,
			);
		};
/* End PBXProject section */

/* Begin PBXResourcesBuildPhase section */
		C81360D22464287200CA693D /* Resources */ = {
			isa = PBXResourcesBuildPhase;
			buildActionMask = 2147483647;
			files = (
				C81360E42464287300CA693D /* LaunchScreen.storyboard in Resources */,
				C8C4231C246AE69F00EC932B /* GoogleService-Info.plist in Resources */,
				C81360E12464287300CA693D /* Assets.xcassets in Resources */,
			);
			runOnlyForDeploymentPostprocessing = 0;
		};
/* End PBXResourcesBuildPhase section */

/* Begin PBXShellScriptBuildPhase section */
		129B41A789DDE7B04EEB7B6A /* [CP] Check Pods Manifest.lock */ = {
			isa = PBXShellScriptBuildPhase;
			buildActionMask = 2147483647;
			files = (
			);
			inputFileListPaths = (
			);
			inputPaths = (
				"${PODS_PODFILE_DIR_PATH}/Podfile.lock",
				"${PODS_ROOT}/Manifest.lock",
			);
			name = "[CP] Check Pods Manifest.lock";
			outputFileListPaths = (
			);
			outputPaths = (
				"$(DERIVED_FILE_DIR)/Pods-Watch-Next-YouTube-checkManifestLockResult.txt",
			);
			runOnlyForDeploymentPostprocessing = 0;
			shellPath = /bin/sh;
			shellScript = "diff \"${PODS_PODFILE_DIR_PATH}/Podfile.lock\" \"${PODS_ROOT}/Manifest.lock\" > /dev/null\nif [ $? != 0 ] ; then\n    # print error to STDERR\n    echo \"error: The sandbox is not in sync with the Podfile.lock. Run 'pod install' or update your CocoaPods installation.\" >&2\n    exit 1\nfi\n# This output is used by Xcode 'outputs' to avoid re-running this script phase.\necho \"SUCCESS\" > \"${SCRIPT_OUTPUT_FILE_0}\"\n";
			showEnvVarsInLog = 0;
		};
		90E472999103C20A1D3CB2C5 /* [CP] Copy Pods Resources */ = {
			isa = PBXShellScriptBuildPhase;
			buildActionMask = 2147483647;
			files = (
			);
			inputFileListPaths = (
				"${PODS_ROOT}/Target Support Files/Pods-Watch-Next-YouTube/Pods-Watch-Next-YouTube-resources-${CONFIGURATION}-input-files.xcfilelist",
			);
			name = "[CP] Copy Pods Resources";
			outputFileListPaths = (
				"${PODS_ROOT}/Target Support Files/Pods-Watch-Next-YouTube/Pods-Watch-Next-YouTube-resources-${CONFIGURATION}-output-files.xcfilelist",
			);
			runOnlyForDeploymentPostprocessing = 0;
			shellPath = /bin/sh;
			shellScript = "\"${PODS_ROOT}/Target Support Files/Pods-Watch-Next-YouTube/Pods-Watch-Next-YouTube-resources.sh\"\n";
			showEnvVarsInLog = 0;
		};
		C8AAF2802F09F42512105A80 /* [CP] Embed Pods Frameworks */ = {
			isa = PBXShellScriptBuildPhase;
			buildActionMask = 2147483647;
			files = (
			);
			inputFileListPaths = (
				"${PODS_ROOT}/Target Support Files/Pods-Watch-Next-YouTube/Pods-Watch-Next-YouTube-frameworks-${CONFIGURATION}-input-files.xcfilelist",
			);
			name = "[CP] Embed Pods Frameworks";
			outputFileListPaths = (
				"${PODS_ROOT}/Target Support Files/Pods-Watch-Next-YouTube/Pods-Watch-Next-YouTube-frameworks-${CONFIGURATION}-output-files.xcfilelist",
			);
			runOnlyForDeploymentPostprocessing = 0;
			shellPath = /bin/sh;
			shellScript = "\"${PODS_ROOT}/Target Support Files/Pods-Watch-Next-YouTube/Pods-Watch-Next-YouTube-frameworks.sh\"\n";
			showEnvVarsInLog = 0;
		};
/* End PBXShellScriptBuildPhase section */

/* Begin PBXSourcesBuildPhase section */
		C81360D02464287200CA693D /* Sources */ = {
			isa = PBXSourcesBuildPhase;
			buildActionMask = 2147483647;
			files = (
				C81CB62F2479791B008CA896 /* LoginScreen.swift in Sources */,
				C8F001532487ED3100BBD1B5 /* YouTubeInterface.swift in Sources */,
				C81360D82464287200CA693D /* AppDelegate.swift in Sources */,
				C81CB62D24796C49008CA896 /* FirebaseAccountAuthorization.swift in Sources */,
				C8E1838724742FE9000B1DF2 /* AppleSignInButtons.swift in Sources */,
				C8B1274D247EAA9700D1E050 /* MovieDetails.swift in Sources */,
				C870E6B42476F5CD004C07CB /* Playlist.swift in Sources */,
				C8B12751247ED1AC00D1E050 /* ArchiveOld.swift in Sources */,
				C870E6AF2476EC67004C07CB /* AuthorizationChecker.swift in Sources */,
				C870E6BD2476F632004C07CB /* PlaylistView.swift in Sources */,
				C870E6BF2476F917004C07CB /* SettingsControllerView.swift in Sources */,
				C8F0014D24870C9400BBD1B5 /* YouTubeControlState.swift in Sources */,
				C870E6BB2476F628004C07CB /* Video.swift in Sources */,
				C8B1273F247D463700D1E050 /* RegisterScreen.swift in Sources */,
				C8F0014B2486FECE00BBD1B5 /* View+Ext.swift in Sources */,
				C8B1274F247EBE7F00D1E050 /* PlaylistVideoList.swift in Sources */,
				C81CB62B24796355008CA896 /* AccountAuthorizationScreen.swift in Sources */,
				C870E6B32476F5CD004C07CB /* Archive.swift in Sources */,
				C8B12749247E8C4500D1E050 /* YouTubeVideoVC.swift in Sources */,
				C8B12743247D9F6A00D1E050 /* NavigationConfigurator.swift in Sources */,
				C8B12747247E671900D1E050 /* MainView.swift in Sources */,
				C81360DA2464287200CA693D /* SceneDelegate.swift in Sources */,
			);
			runOnlyForDeploymentPostprocessing = 0;
		};
/* End PBXSourcesBuildPhase section */

/* Begin PBXVariantGroup section */
		C81360E22464287300CA693D /* LaunchScreen.storyboard */ = {
			isa = PBXVariantGroup;
			children = (
				C81360E32464287300CA693D /* Base */,
			);
			name = LaunchScreen.storyboard;
			sourceTree = "<group>";
		};
/* End PBXVariantGroup section */

/* Begin XCBuildConfiguration section */
		C81360E62464287300CA693D /* Debug */ = {
			isa = XCBuildConfiguration;
			buildSettings = {
				ALWAYS_SEARCH_USER_PATHS = NO;
				CLANG_ANALYZER_NONNULL = YES;
				CLANG_ANALYZER_NUMBER_OBJECT_CONVERSION = YES_AGGRESSIVE;
				CLANG_CXX_LANGUAGE_STANDARD = "gnu++14";
				CLANG_CXX_LIBRARY = "libc++";
				CLANG_ENABLE_MODULES = YES;
				CLANG_ENABLE_OBJC_ARC = YES;
				CLANG_ENABLE_OBJC_WEAK = YES;
				CLANG_WARN_BLOCK_CAPTURE_AUTORELEASING = YES;
				CLANG_WARN_BOOL_CONVERSION = YES;
				CLANG_WARN_COMMA = YES;
				CLANG_WARN_CONSTANT_CONVERSION = YES;
				CLANG_WARN_DEPRECATED_OBJC_IMPLEMENTATIONS = YES;
				CLANG_WARN_DIRECT_OBJC_ISA_USAGE = YES_ERROR;
				CLANG_WARN_DOCUMENTATION_COMMENTS = YES;
				CLANG_WARN_EMPTY_BODY = YES;
				CLANG_WARN_ENUM_CONVERSION = YES;
				CLANG_WARN_INFINITE_RECURSION = YES;
				CLANG_WARN_INT_CONVERSION = YES;
				CLANG_WARN_NON_LITERAL_NULL_CONVERSION = YES;
				CLANG_WARN_OBJC_IMPLICIT_RETAIN_SELF = YES;
				CLANG_WARN_OBJC_LITERAL_CONVERSION = YES;
				CLANG_WARN_OBJC_ROOT_CLASS = YES_ERROR;
				CLANG_WARN_RANGE_LOOP_ANALYSIS = YES;
				CLANG_WARN_STRICT_PROTOTYPES = YES;
				CLANG_WARN_SUSPICIOUS_MOVE = YES;
				CLANG_WARN_UNGUARDED_AVAILABILITY = YES_AGGRESSIVE;
				CLANG_WARN_UNREACHABLE_CODE = YES;
				CLANG_WARN__DUPLICATE_METHOD_MATCH = YES;
				COPY_PHASE_STRIP = NO;
				DEBUG_INFORMATION_FORMAT = dwarf;
				ENABLE_STRICT_OBJC_MSGSEND = YES;
				ENABLE_TESTABILITY = YES;
				GCC_C_LANGUAGE_STANDARD = gnu11;
				GCC_DYNAMIC_NO_PIC = NO;
				GCC_NO_COMMON_BLOCKS = YES;
				GCC_OPTIMIZATION_LEVEL = 0;
				GCC_PREPROCESSOR_DEFINITIONS = (
					"DEBUG=1",
					"$(inherited)",
				);
				GCC_WARN_64_TO_32_BIT_CONVERSION = YES;
				GCC_WARN_ABOUT_RETURN_TYPE = YES_ERROR;
				GCC_WARN_UNDECLARED_SELECTOR = YES;
				GCC_WARN_UNINITIALIZED_AUTOS = YES_AGGRESSIVE;
				GCC_WARN_UNUSED_FUNCTION = YES;
				GCC_WARN_UNUSED_VARIABLE = YES;
				IPHONEOS_DEPLOYMENT_TARGET = 13.4;
				MTL_ENABLE_DEBUG_INFO = INCLUDE_SOURCE;
				MTL_FAST_MATH = YES;
				ONLY_ACTIVE_ARCH = YES;
				SDKROOT = iphoneos;
				SWIFT_ACTIVE_COMPILATION_CONDITIONS = DEBUG;
				SWIFT_OPTIMIZATION_LEVEL = "-Onone";
			};
			name = Debug;
		};
		C81360E72464287300CA693D /* Release */ = {
			isa = XCBuildConfiguration;
			buildSettings = {
				ALWAYS_SEARCH_USER_PATHS = NO;
				CLANG_ANALYZER_NONNULL = YES;
				CLANG_ANALYZER_NUMBER_OBJECT_CONVERSION = YES_AGGRESSIVE;
				CLANG_CXX_LANGUAGE_STANDARD = "gnu++14";
				CLANG_CXX_LIBRARY = "libc++";
				CLANG_ENABLE_MODULES = YES;
				CLANG_ENABLE_OBJC_ARC = YES;
				CLANG_ENABLE_OBJC_WEAK = YES;
				CLANG_WARN_BLOCK_CAPTURE_AUTORELEASING = YES;
				CLANG_WARN_BOOL_CONVERSION = YES;
				CLANG_WARN_COMMA = YES;
				CLANG_WARN_CONSTANT_CONVERSION = YES;
				CLANG_WARN_DEPRECATED_OBJC_IMPLEMENTATIONS = YES;
				CLANG_WARN_DIRECT_OBJC_ISA_USAGE = YES_ERROR;
				CLANG_WARN_DOCUMENTATION_COMMENTS = YES;
				CLANG_WARN_EMPTY_BODY = YES;
				CLANG_WARN_ENUM_CONVERSION = YES;
				CLANG_WARN_INFINITE_RECURSION = YES;
				CLANG_WARN_INT_CONVERSION = YES;
				CLANG_WARN_NON_LITERAL_NULL_CONVERSION = YES;
				CLANG_WARN_OBJC_IMPLICIT_RETAIN_SELF = YES;
				CLANG_WARN_OBJC_LITERAL_CONVERSION = YES;
				CLANG_WARN_OBJC_ROOT_CLASS = YES_ERROR;
				CLANG_WARN_RANGE_LOOP_ANALYSIS = YES;
				CLANG_WARN_STRICT_PROTOTYPES = YES;
				CLANG_WARN_SUSPICIOUS_MOVE = YES;
				CLANG_WARN_UNGUARDED_AVAILABILITY = YES_AGGRESSIVE;
				CLANG_WARN_UNREACHABLE_CODE = YES;
				CLANG_WARN__DUPLICATE_METHOD_MATCH = YES;
				COPY_PHASE_STRIP = NO;
				DEBUG_INFORMATION_FORMAT = "dwarf-with-dsym";
				ENABLE_NS_ASSERTIONS = NO;
				ENABLE_STRICT_OBJC_MSGSEND = YES;
				GCC_C_LANGUAGE_STANDARD = gnu11;
				GCC_NO_COMMON_BLOCKS = YES;
				GCC_WARN_64_TO_32_BIT_CONVERSION = YES;
				GCC_WARN_ABOUT_RETURN_TYPE = YES_ERROR;
				GCC_WARN_UNDECLARED_SELECTOR = YES;
				GCC_WARN_UNINITIALIZED_AUTOS = YES_AGGRESSIVE;
				GCC_WARN_UNUSED_FUNCTION = YES;
				GCC_WARN_UNUSED_VARIABLE = YES;
				IPHONEOS_DEPLOYMENT_TARGET = 13.4;
				MTL_ENABLE_DEBUG_INFO = NO;
				MTL_FAST_MATH = YES;
				SDKROOT = iphoneos;
				SWIFT_COMPILATION_MODE = wholemodule;
				SWIFT_OPTIMIZATION_LEVEL = "-O";
				VALIDATE_PRODUCT = YES;
			};
			name = Release;
		};
		C81360E92464287300CA693D /* Debug */ = {
			isa = XCBuildConfiguration;
			baseConfigurationReference = 100B555B1AF57E3F8197D181 /* Pods-Watch-Next-YouTube.debug.xcconfig */;
			buildSettings = {
				ASSETCATALOG_COMPILER_APPICON_NAME = AppIcon;
				CODE_SIGN_ENTITLEMENTS = "Watch-Next-YouTube/Watch-Next-YouTube.entitlements";
				CODE_SIGN_STYLE = Automatic;
				DEVELOPMENT_TEAM = 8TYF5VAX58;
				INFOPLIST_FILE = "Watch-Next-YouTube/Info.plist";
				LD_RUNPATH_SEARCH_PATHS = (
					"$(inherited)",
					"@executable_path/Frameworks",
				);
				PRODUCT_BUNDLE_IDENTIFIER = "com.mlukasik.Watch-Next-YouTube";
				PRODUCT_NAME = "Watch Next";
				SWIFT_VERSION = 5.0;
				TARGETED_DEVICE_FAMILY = "1,2";
			};
			name = Debug;
		};
		C81360EA2464287300CA693D /* Release */ = {
			isa = XCBuildConfiguration;
			baseConfigurationReference = 2EC675C66890295C7D2D46EC /* Pods-Watch-Next-YouTube.release.xcconfig */;
			buildSettings = {
				ASSETCATALOG_COMPILER_APPICON_NAME = AppIcon;
				CODE_SIGN_ENTITLEMENTS = "Watch-Next-YouTube/Watch-Next-YouTube.entitlements";
				CODE_SIGN_STYLE = Automatic;
				DEVELOPMENT_TEAM = 8TYF5VAX58;
				INFOPLIST_FILE = "Watch-Next-YouTube/Info.plist";
				LD_RUNPATH_SEARCH_PATHS = (
					"$(inherited)",
					"@executable_path/Frameworks",
				);
				PRODUCT_BUNDLE_IDENTIFIER = "com.mlukasik.Watch-Next-YouTube";
				PRODUCT_NAME = "Watch Next";
				SWIFT_VERSION = 5.0;
				TARGETED_DEVICE_FAMILY = "1,2";
			};
			name = Release;
		};
/* End XCBuildConfiguration section */

/* Begin XCConfigurationList section */
		C81360CF2464287200CA693D /* Build configuration list for PBXProject "Watch-Next-YouTube" */ = {
			isa = XCConfigurationList;
			buildConfigurations = (
				C81360E62464287300CA693D /* Debug */,
				C81360E72464287300CA693D /* Release */,
			);
			defaultConfigurationIsVisible = 0;
			defaultConfigurationName = Release;
		};
		C81360E82464287300CA693D /* Build configuration list for PBXNativeTarget "Watch-Next-YouTube" */ = {
			isa = XCConfigurationList;
			buildConfigurations = (
				C81360E92464287300CA693D /* Debug */,
				C81360EA2464287300CA693D /* Release */,
			);
			defaultConfigurationIsVisible = 0;
			defaultConfigurationName = Release;
		};
/* End XCConfigurationList section */
	};
	rootObject = C81360CC2464287200CA693D /* Project object */;
}
